// !$*UTF8*$!
{
	archiveVersion = 1;
	classes = {
	};
	objectVersion = 50;
	objects = {

/* Begin PBXBuildFile section */
		4F2088F52570BED30007C00C /* AppDelegate.swift in Sources */ = {isa = PBXBuildFile; fileRef = 4F2088F42570BED30007C00C /* AppDelegate.swift */; };
		4F2088F72570BED30007C00C /* SceneDelegate.swift in Sources */ = {isa = PBXBuildFile; fileRef = 4F2088F62570BED30007C00C /* SceneDelegate.swift */; };
		4F2088F92570BED30007C00C /* ViewController.swift in Sources */ = {isa = PBXBuildFile; fileRef = 4F2088F82570BED30007C00C /* ViewController.swift */; };
		4F2088FC2570BED30007C00C /* Main.storyboard in Resources */ = {isa = PBXBuildFile; fileRef = 4F2088FA2570BED30007C00C /* Main.storyboard */; };
		4F2088FE2570BED80007C00C /* Assets.xcassets in Resources */ = {isa = PBXBuildFile; fileRef = 4F2088FD2570BED80007C00C /* Assets.xcassets */; };
		4F2089012570BED80007C00C /* LaunchScreen.storyboard in Resources */ = {isa = PBXBuildFile; fileRef = 4F2088FF2570BED80007C00C /* LaunchScreen.storyboard */; };
		4F20890C2570BED90007C00C /* viewDidLoadPracticeTests.swift in Sources */ = {isa = PBXBuildFile; fileRef = 4F20890B2570BED90007C00C /* viewDidLoadPracticeTests.swift */; };
		4F2089172570BED90007C00C /* viewDidLoadPracticeUITests.swift in Sources */ = {isa = PBXBuildFile; fileRef = 4F2089162570BED90007C00C /* viewDidLoadPracticeUITests.swift */; };
/* End PBXBuildFile section */

/* Begin PBXContainerItemProxy section */
		4F2089082570BED90007C00C /* PBXContainerItemProxy */ = {
			isa = PBXContainerItemProxy;
			containerPortal = 4F2088E92570BED30007C00C /* Project object */;
			proxyType = 1;
			remoteGlobalIDString = 4F2088F02570BED30007C00C;
			remoteInfo = viewDidLoadPractice;
		};
		4F2089132570BED90007C00C /* PBXContainerItemProxy */ = {
			isa = PBXContainerItemProxy;
			containerPortal = 4F2088E92570BED30007C00C /* Project object */;
			proxyType = 1;
			remoteGlobalIDString = 4F2088F02570BED30007C00C;
			remoteInfo = viewDidLoadPractice;
		};
/* End PBXContainerItemProxy section */

/* Begin PBXFileReference section */
		4F2088F12570BED30007C00C /* viewDidLoadPractice.app */ = {isa = PBXFileReference; explicitFileType = wrapper.application; includeInIndex = 0; path = viewDidLoadPractice.app; sourceTree = BUILT_PRODUCTS_DIR; };
		4F2088F42570BED30007C00C /* AppDelegate.swift */ = {isa = PBXFileReference; lastKnownFileType = sourcecode.swift; path = AppDelegate.swift; sourceTree = "<group>"; };
		4F2088F62570BED30007C00C /* SceneDelegate.swift */ = {isa = PBXFileReference; lastKnownFileType = sourcecode.swift; path = SceneDelegate.swift; sourceTree = "<group>"; };
		4F2088F82570BED30007C00C /* ViewController.swift */ = {isa = PBXFileReference; lastKnownFileType = sourcecode.swift; path = ViewController.swift; sourceTree = "<group>"; };
		4F2088FB2570BED30007C00C /* Base */ = {isa = PBXFileReference; lastKnownFileType = file.storyboard; name = Base; path = Base.lproj/Main.storyboard; sourceTree = "<group>"; };
		4F2088FD2570BED80007C00C /* Assets.xcassets */ = {isa = PBXFileReference; lastKnownFileType = folder.assetcatalog; path = Assets.xcassets; sourceTree = "<group>"; };
		4F2089002570BED80007C00C /* Base */ = {isa = PBXFileReference; lastKnownFileType = file.storyboard; name = Base; path = Base.lproj/LaunchScreen.storyboard; sourceTree = "<group>"; };
		4F2089022570BED80007C00C /* Info.plist */ = {isa = PBXFileReference; lastKnownFileType = text.plist.xml; path = Info.plist; sourceTree = "<group>"; };
		4F2089072570BED90007C00C /* viewDidLoadPracticeTests.xctest */ = {isa = PBXFileReference; explicitFileType = wrapper.cfbundle; includeInIndex = 0; path = viewDidLoadPracticeTests.xctest; sourceTree = BUILT_PRODUCTS_DIR; };
		4F20890B2570BED90007C00C /* viewDidLoadPracticeTests.swift */ = {isa = PBXFileReference; lastKnownFileType = sourcecode.swift; path = viewDidLoadPracticeTests.swift; sourceTree = "<group>"; };
		4F20890D2570BED90007C00C /* Info.plist */ = {isa = PBXFileReference; lastKnownFileType = text.plist.xml; path = Info.plist; sourceTree = "<group>"; };
		4F2089122570BED90007C00C /* viewDidLoadPracticeUITests.xctest */ = {isa = PBXFileReference; explicitFileType = wrapper.cfbundle; includeInIndex = 0; path = viewDidLoadPracticeUITests.xctest; sourceTree = BUILT_PRODUCTS_DIR; };
		4F2089162570BED90007C00C /* viewDidLoadPracticeUITests.swift */ = {isa = PBXFileReference; lastKnownFileType = sourcecode.swift; path = viewDidLoadPracticeUITests.swift; sourceTree = "<group>"; };
		4F2089182570BED90007C00C /* Info.plist */ = {isa = PBXFileReference; lastKnownFileType = text.plist.xml; path = Info.plist; sourceTree = "<group>"; };
/* End PBXFileReference section */

/* Begin PBXFrameworksBuildPhase section */
		4F2088EE2570BED30007C00C /* Frameworks */ = {
			isa = PBXFrameworksBuildPhase;
			buildActionMask = 2147483647;
			files = (
			);
			runOnlyForDeploymentPostprocessing = 0;
		};
		4F2089042570BED90007C00C /* Frameworks */ = {
			isa = PBXFrameworksBuildPhase;
			buildActionMask = 2147483647;
			files = (
			);
			runOnlyForDeploymentPostprocessing = 0;
		};
		4F20890F2570BED90007C00C /* Frameworks */ = {
			isa = PBXFrameworksBuildPhase;
			buildActionMask = 2147483647;
			files = (
			);
			runOnlyForDeploymentPostprocessing = 0;
		};
/* End PBXFrameworksBuildPhase section */

/* Begin PBXGroup section */
		4F2088E82570BED30007C00C = {
			isa = PBXGroup;
			children = (
				4F2088F32570BED30007C00C /* viewDidLoadPractice */,
				4F20890A2570BED90007C00C /* viewDidLoadPracticeTests */,
				4F2089152570BED90007C00C /* viewDidLoadPracticeUITests */,
				4F2088F22570BED30007C00C /* Products */,
			);
			sourceTree = "<group>";
		};
		4F2088F22570BED30007C00C /* Products */ = {
			isa = PBXGroup;
			children = (
				4F2088F12570BED30007C00C /* viewDidLoadPractice.app */,
				4F2089072570BED90007C00C /* viewDidLoadPracticeTests.xctest */,
				4F2089122570BED90007C00C /* viewDidLoadPracticeUITests.xctest */,
			);
			name = Products;
			sourceTree = "<group>";
		};
		4F2088F32570BED30007C00C /* viewDidLoadPractice */ = {
			isa = PBXGroup;
			children = (
				4F2088F42570BED30007C00C /* AppDelegate.swift */,
				4F2088F62570BED30007C00C /* SceneDelegate.swift */,
				4F2088F82570BED30007C00C /* ViewController.swift */,
				4F2088FA2570BED30007C00C /* Main.storyboard */,
				4F2088FD2570BED80007C00C /* Assets.xcassets */,
				4F2088FF2570BED80007C00C /* LaunchScreen.storyboard */,
				4F2089022570BED80007C00C /* Info.plist */,
			);
			path = viewDidLoadPractice;
			sourceTree = "<group>";
		};
		4F20890A2570BED90007C00C /* viewDidLoadPracticeTests */ = {
			isa = PBXGroup;
			children = (
				4F20890B2570BED90007C00C /* viewDidLoadPracticeTests.swift */,
				4F20890D2570BED90007C00C /* Info.plist */,
			);
			path = viewDidLoadPracticeTests;
			sourceTree = "<group>";
		};
		4F2089152570BED90007C00C /* viewDidLoadPracticeUITests */ = {
			isa = PBXGroup;
			children = (
				4F2089162570BED90007C00C /* viewDidLoadPracticeUITests.swift */,
				4F2089182570BED90007C00C /* Info.plist */,
			);
			path = viewDidLoadPracticeUITests;
			sourceTree = "<group>";
		};
/* End PBXGroup section */

/* Begin PBXNativeTarget section */
		4F2088F02570BED30007C00C /* viewDidLoadPractice */ = {
			isa = PBXNativeTarget;
			buildConfigurationList = 4F20891B2570BED90007C00C /* Build configuration list for PBXNativeTarget "viewDidLoadPractice" */;
			buildPhases = (
				4F2088ED2570BED30007C00C /* Sources */,
				4F2088EE2570BED30007C00C /* Frameworks */,
				4F2088EF2570BED30007C00C /* Resources */,
			);
			buildRules = (
			);
			dependencies = (
			);
			name = viewDidLoadPractice;
			productName = viewDidLoadPractice;
			productReference = 4F2088F12570BED30007C00C /* viewDidLoadPractice.app */;
			productType = "com.apple.product-type.application";
		};
		4F2089062570BED90007C00C /* viewDidLoadPracticeTests */ = {
			isa = PBXNativeTarget;
			buildConfigurationList = 4F20891E2570BED90007C00C /* Build configuration list for PBXNativeTarget "viewDidLoadPracticeTests" */;
			buildPhases = (
				4F2089032570BED90007C00C /* Sources */,
				4F2089042570BED90007C00C /* Frameworks */,
				4F2089052570BED90007C00C /* Resources */,
			);
			buildRules = (
			);
			dependencies = (
				4F2089092570BED90007C00C /* PBXTargetDependency */,
			);
			name = viewDidLoadPracticeTests;
			productName = viewDidLoadPracticeTests;
			productReference = 4F2089072570BED90007C00C /* viewDidLoadPracticeTests.xctest */;
			productType = "com.apple.product-type.bundle.unit-test";
		};
		4F2089112570BED90007C00C /* viewDidLoadPracticeUITests */ = {
			isa = PBXNativeTarget;
			buildConfigurationList = 4F2089212570BED90007C00C /* Build configuration list for PBXNativeTarget "viewDidLoadPracticeUITests" */;
			buildPhases = (
				4F20890E2570BED90007C00C /* Sources */,
				4F20890F2570BED90007C00C /* Frameworks */,
				4F2089102570BED90007C00C /* Resources */,
			);
			buildRules = (
			);
			dependencies = (
				4F2089142570BED90007C00C /* PBXTargetDependency */,
			);
			name = viewDidLoadPracticeUITests;
			productName = viewDidLoadPracticeUITests;
			productReference = 4F2089122570BED90007C00C /* viewDidLoadPracticeUITests.xctest */;
			productType = "com.apple.product-type.bundle.ui-testing";
		};
/* End PBXNativeTarget section */

/* Begin PBXProject section */
		4F2088E92570BED30007C00C /* Project object */ = {
			isa = PBXProject;
			attributes = {
				LastSwiftUpdateCheck = 1220;
				LastUpgradeCheck = 1220;
				TargetAttributes = {
					4F2088F02570BED30007C00C = {
						CreatedOnToolsVersion = 12.2;
					};
					4F2089062570BED90007C00C = {
						CreatedOnToolsVersion = 12.2;
						TestTargetID = 4F2088F02570BED30007C00C;
					};
					4F2089112570BED90007C00C = {
						CreatedOnToolsVersion = 12.2;
						TestTargetID = 4F2088F02570BED30007C00C;
					};
				};
			};
			buildConfigurationList = 4F2088EC2570BED30007C00C /* Build configuration list for PBXProject "viewDidLoadPractice" */;
			compatibilityVersion = "Xcode 9.3";
			developmentRegion = en;
			hasScannedForEncodings = 0;
			knownRegions = (
				en,
				Base,
			);
			mainGroup = 4F2088E82570BED30007C00C;
			productRefGroup = 4F2088F22570BED30007C00C /* Products */;
			projectDirPath = "";
			projectRoot = "";
			targets = (
				4F2088F02570BED30007C00C /* viewDidLoadPractice */,
				4F2089062570BED90007C00C /* viewDidLoadPracticeTests */,
				4F2089112570BED90007C00C /* viewDidLoadPracticeUITests */,
			);
		};
/* End PBXProject section */

/* Begin PBXResourcesBuildPhase section */
		4F2088EF2570BED30007C00C /* Resources */ = {
			isa = PBXResourcesBuildPhase;
			buildActionMask = 2147483647;
			files = (
				4F2089012570BED80007C00C /* LaunchScreen.storyboard in Resources */,
				4F2088FE2570BED80007C00C /* Assets.xcassets in Resources */,
				4F2088FC2570BED30007C00C /* Main.storyboard in Resources */,
			);
			runOnlyForDeploymentPostprocessing = 0;
		};
		4F2089052570BED90007C00C /* Resources */ = {
			isa = PBXResourcesBuildPhase;
			buildActionMask = 2147483647;
			files = (
			);
			runOnlyForDeploymentPostprocessing = 0;
		};
		4F2089102570BED90007C00C /* Resources */ = {
			isa = PBXResourcesBuildPhase;
			buildActionMask = 2147483647;
			files = (
			);
			runOnlyForDeploymentPostprocessing = 0;
		};
/* End PBXResourcesBuildPhase section */

/* Begin PBXSourcesBuildPhase section */
		4F2088ED2570BED30007C00C /* Sources */ = {
			isa = PBXSourcesBuildPhase;
			buildActionMask = 2147483647;
			files = (
				4F2088F92570BED30007C00C /* ViewController.swift in Sources */,
				4F2088F52570BED30007C00C /* AppDelegate.swift in Sources */,
				4F2088F72570BED30007C00C /* SceneDelegate.swift in Sources */,
			);
			runOnlyForDeploymentPostprocessing = 0;
		};
		4F2089032570BED90007C00C /* Sources */ = {
			isa = PBXSourcesBuildPhase;
			buildActionMask = 2147483647;
			files = (
				4F20890C2570BED90007C00C /* viewDidLoadPracticeTests.swift in Sources */,
			);
			runOnlyForDeploymentPostprocessing = 0;
		};
		4F20890E2570BED90007C00C /* Sources */ = {
			isa = PBXSourcesBuildPhase;
			buildActionMask = 2147483647;
			files = (
				4F2089172570BED90007C00C /* viewDidLoadPracticeUITests.swift in Sources */,
			);
			runOnlyForDeploymentPostprocessing = 0;
		};
/* End PBXSourcesBuildPhase section */

/* Begin PBXTargetDependency section */
		4F2089092570BED90007C00C /* PBXTargetDependency */ = {
			isa = PBXTargetDependency;
			target = 4F2088F02570BED30007C00C /* viewDidLoadPractice */;
			targetProxy = 4F2089082570BED90007C00C /* PBXContainerItemProxy */;
		};
		4F2089142570BED90007C00C /* PBXTargetDependency */ = {
			isa = PBXTargetDependency;
			target = 4F2088F02570BED30007C00C /* viewDidLoadPractice */;
			targetProxy = 4F2089132570BED90007C00C /* PBXContainerItemProxy */;
		};
/* End PBXTargetDependency section */

/* Begin PBXVariantGroup section */
		4F2088FA2570BED30007C00C /* Main.storyboard */ = {
			isa = PBXVariantGroup;
			children = (
				4F2088FB2570BED30007C00C /* Base */,
			);
			name = Main.storyboard;
			sourceTree = "<group>";
		};
		4F2088FF2570BED80007C00C /* LaunchScreen.storyboard */ = {
			isa = PBXVariantGroup;
			children = (
				4F2089002570BED80007C00C /* Base */,
			);
			name = LaunchScreen.storyboard;
			sourceTree = "<group>";
		};
/* End PBXVariantGroup section */

/* Begin XCBuildConfiguration section */
		4F2089192570BED90007C00C /* Debug */ = {
			isa = XCBuildConfiguration;
			buildSettings = {
				ALWAYS_SEARCH_USER_PATHS = NO;
				CLANG_ANALYZER_NONNULL = YES;
				CLANG_ANALYZER_NUMBER_OBJECT_CONVERSION = YES_AGGRESSIVE;
				CLANG_CXX_LANGUAGE_STANDARD = "gnu++14";
				CLANG_CXX_LIBRARY = "libc++";
				CLANG_ENABLE_MODULES = YES;
				CLANG_ENABLE_OBJC_ARC = YES;
				CLANG_ENABLE_OBJC_WEAK = YES;
				CLANG_WARN_BLOCK_CAPTURE_AUTORELEASING = YES;
				CLANG_WARN_BOOL_CONVERSION = YES;
				CLANG_WARN_COMMA = YES;
				CLANG_WARN_CONSTANT_CONVERSION = YES;
				CLANG_WARN_DEPRECATED_OBJC_IMPLEMENTATIONS = YES;
				CLANG_WARN_DIRECT_OBJC_ISA_USAGE = YES_ERROR;
				CLANG_WARN_DOCUMENTATION_COMMENTS = YES;
				CLANG_WARN_EMPTY_BODY = YES;
				CLANG_WARN_ENUM_CONVERSION = YES;
				CLANG_WARN_INFINITE_RECURSION = YES;
				CLANG_WARN_INT_CONVERSION = YES;
				CLANG_WARN_NON_LITERAL_NULL_CONVERSION = YES;
				CLANG_WARN_OBJC_IMPLICIT_RETAIN_SELF = YES;
				CLANG_WARN_OBJC_LITERAL_CONVERSION = YES;
				CLANG_WARN_OBJC_ROOT_CLASS = YES_ERROR;
				CLANG_WARN_QUOTED_INCLUDE_IN_FRAMEWORK_HEADER = YES;
				CLANG_WARN_RANGE_LOOP_ANALYSIS = YES;
				CLANG_WARN_STRICT_PROTOTYPES = YES;
				CLANG_WARN_SUSPICIOUS_MOVE = YES;
				CLANG_WARN_UNGUARDED_AVAILABILITY = YES_AGGRESSIVE;
				CLANG_WARN_UNREACHABLE_CODE = YES;
				CLANG_WARN__DUPLICATE_METHOD_MATCH = YES;
				COPY_PHASE_STRIP = NO;
				DEBUG_INFORMATION_FORMAT = dwarf;
				ENABLE_STRICT_OBJC_MSGSEND = YES;
				ENABLE_TESTABILITY = YES;
				GCC_C_LANGUAGE_STANDARD = gnu11;
				GCC_DYNAMIC_NO_PIC = NO;
				GCC_NO_COMMON_BLOCKS = YES;
				GCC_OPTIMIZATION_LEVEL = 0;
				GCC_PREPROCESSOR_DEFINITIONS = (
					"DEBUG=1",
					"$(inherited)",
				);
				GCC_WARN_64_TO_32_BIT_CONVERSION = YES;
				GCC_WARN_ABOUT_RETURN_TYPE = YES_ERROR;
				GCC_WARN_UNDECLARED_SELECTOR = YES;
				GCC_WARN_UNINITIALIZED_AUTOS = YES_AGGRESSIVE;
				GCC_WARN_UNUSED_FUNCTION = YES;
				GCC_WARN_UNUSED_VARIABLE = YES;
				IPHONEOS_DEPLOYMENT_TARGET = 14.2;
				MTL_ENABLE_DEBUG_INFO = INCLUDE_SOURCE;
				MTL_FAST_MATH = YES;
				ONLY_ACTIVE_ARCH = YES;
				SDKROOT = iphoneos;
				SWIFT_ACTIVE_COMPILATION_CONDITIONS = DEBUG;
				SWIFT_OPTIMIZATION_LEVEL = "-Onone";
			};
			name = Debug;
		};
		4F20891A2570BED90007C00C /* Release */ = {
			isa = XCBuildConfiguration;
			buildSettings = {
				ALWAYS_SEARCH_USER_PATHS = NO;
				CLANG_ANALYZER_NONNULL = YES;
				CLANG_ANALYZER_NUMBER_OBJECT_CONVERSION = YES_AGGRESSIVE;
				CLANG_CXX_LANGUAGE_STANDARD = "gnu++14";
				CLANG_CXX_LIBRARY = "libc++";
				CLANG_ENABLE_MODULES = YES;
				CLANG_ENABLE_OBJC_ARC = YES;
				CLANG_ENABLE_OBJC_WEAK = YES;
				CLANG_WARN_BLOCK_CAPTURE_AUTORELEASING = YES;
				CLANG_WARN_BOOL_CONVERSION = YES;
				CLANG_WARN_COMMA = YES;
				CLANG_WARN_CONSTANT_CONVERSION = YES;
				CLANG_WARN_DEPRECATED_OBJC_IMPLEMENTATIONS = YES;
				CLANG_WARN_DIRECT_OBJC_ISA_USAGE = YES_ERROR;
				CLANG_WARN_DOCUMENTATION_COMMENTS = YES;
				CLANG_WARN_EMPTY_BODY = YES;
				CLANG_WARN_ENUM_CONVERSION = YES;
				CLANG_WARN_INFINITE_RECURSION = YES;
				CLANG_WARN_INT_CONVERSION = YES;
				CLANG_WARN_NON_LITERAL_NULL_CONVERSION = YES;
				CLANG_WARN_OBJC_IMPLICIT_RETAIN_SELF = YES;
				CLANG_WARN_OBJC_LITERAL_CONVERSION = YES;
				CLANG_WARN_OBJC_ROOT_CLASS = YES_ERROR;
				CLANG_WARN_QUOTED_INCLUDE_IN_FRAMEWORK_HEADER = YES;
				CLANG_WARN_RANGE_LOOP_ANALYSIS = YES;
				CLANG_WARN_STRICT_PROTOTYPES = YES;
				CLANG_WARN_SUSPICIOUS_MOVE = YES;
				CLANG_WARN_UNGUARDED_AVAILABILITY = YES_AGGRESSIVE;
				CLANG_WARN_UNREACHABLE_CODE = YES;
				CLANG_WARN__DUPLICATE_METHOD_MATCH = YES;
				COPY_PHASE_STRIP = NO;
				DEBUG_INFORMATION_FORMAT = "dwarf-with-dsym";
				ENABLE_NS_ASSERTIONS = NO;
				ENABLE_STRICT_OBJC_MSGSEND = YES;
				GCC_C_LANGUAGE_STANDARD = gnu11;
				GCC_NO_COMMON_BLOCKS = YES;
				GCC_WARN_64_TO_32_BIT_CONVERSION = YES;
				GCC_WARN_ABOUT_RETURN_TYPE = YES_ERROR;
				GCC_WARN_UNDECLARED_SELECTOR = YES;
				GCC_WARN_UNINITIALIZED_AUTOS = YES_AGGRESSIVE;
				GCC_WARN_UNUSED_FUNCTION = YES;
				GCC_WARN_UNUSED_VARIABLE = YES;
				IPHONEOS_DEPLOYMENT_TARGET = 14.2;
				MTL_ENABLE_DEBUG_INFO = NO;
				MTL_FAST_MATH = YES;
				SDKROOT = iphoneos;
				SWIFT_COMPILATION_MODE = wholemodule;
				SWIFT_OPTIMIZATION_LEVEL = "-O";
				VALIDATE_PRODUCT = YES;
			};
			name = Release;
		};
		4F20891C2570BED90007C00C /* Debug */ = {
			isa = XCBuildConfiguration;
			buildSettings = {
				ASSETCATALOG_COMPILER_APPICON_NAME = AppIcon;
				ASSETCATALOG_COMPILER_GLOBAL_ACCENT_COLOR_NAME = AccentColor;
				CODE_SIGN_STYLE = Automatic;
				DEVELOPMENT_TEAM = 6U2TAM5353;
				INFOPLIST_FILE = viewDidLoadPractice/Info.plist;
				LD_RUNPATH_SEARCH_PATHS = (
					"$(inherited)",
					"@executable_path/Frameworks",
				);
				PRODUCT_BUNDLE_IDENTIFIER = com.krauserhuang.viewDidLoadPractice;
				PRODUCT_NAME = "$(TARGET_NAME)";
				SWIFT_VERSION = 5.0;
				TARGETED_DEVICE_FAMILY = "1,2";
			};
			name = Debug;
		};
		4F20891D2570BED90007C00C /* Release */ = {
			isa = XCBuildConfiguration;
			buildSettings = {
				ASSETCATALOG_COMPILER_APPICON_NAME = AppIcon;
				ASSETCATALOG_COMPILER_GLOBAL_ACCENT_COLOR_NAME = AccentColor;
				CODE_SIGN_STYLE = Automatic;
				DEVELOPMENT_TEAM = 6U2TAM5353;
				INFOPLIST_FILE = viewDidLoadPractice/Info.plist;
				LD_RUNPATH_SEARCH_PATHS = (
					"$(inherited)",
					"@executable_path/Frameworks",
				);
				PRODUCT_BUNDLE_IDENTIFIER = com.krauserhuang.viewDidLoadPractice;
				PRODUCT_NAME = "$(TARGET_NAME)";
				SWIFT_VERSION = 5.0;
				TARGETED_DEVICE_FAMILY = "1,2";
			};
			name = Release;
		};
		4F20891F2570BED90007C00C /* Debug */ = {
			isa = XCBuildConfiguration;
			buildSettings = {
				ALWAYS_EMBED_SWIFT_STANDARD_LIBRARIES = YES;
				BUNDLE_LOADER = "$(TEST_HOST)";
				CODE_SIGN_STYLE = Automatic;
				DEVELOPMENT_TEAM = 6U2TAM5353;
				INFOPLIST_FILE = viewDidLoadPracticeTests/Info.plist;
				IPHONEOS_DEPLOYMENT_TARGET = 14.2;
				LD_RUNPATH_SEARCH_PATHS = (
					"$(inherited)",
					"@executable_path/Frameworks",
					"@loader_path/Frameworks",
				);
				PRODUCT_BUNDLE_IDENTIFIER = com.krauserhuang.viewDidLoadPracticeTests;
				PRODUCT_NAME = "$(TARGET_NAME)";
				SWIFT_VERSION = 5.0;
				TARGETED_DEVICE_FAMILY = "1,2";
				TEST_HOST = "$(BUILT_PRODUCTS_DIR)/viewDidLoadPractice.app/viewDidLoadPractice";
			};
			name = Debug;
		};
		4F2089202570BED90007C00C /* Release */ = {
			isa = XCBuildConfiguration;
			buildSettings = {
				ALWAYS_EMBED_SWIFT_STANDARD_LIBRARIES = YES;
				BUNDLE_LOADER = "$(TEST_HOST)";
				CODE_SIGN_STYLE = Automatic;
				DEVELOPMENT_TEAM = 6U2TAM5353;
				INFOPLIST_FILE = viewDidLoadPracticeTests/Info.plist;
				IPHONEOS_DEPLOYMENT_TARGET = 14.2;
				LD_RUNPATH_SEARCH_PATHS = (
					"$(inherited)",
					"@executable_path/Frameworks",
					"@loader_path/Frameworks",
				);
				PRODUCT_BUNDLE_IDENTIFIER = com.krauserhuang.viewDidLoadPracticeTests;
				PRODUCT_NAME = "$(TARGET_NAME)";
				SWIFT_VERSION = 5.0;
				TARGETED_DEVICE_FAMILY = "1,2";
				TEST_HOST = "$(BUILT_PRODUCTS_DIR)/viewDidLoadPractice.app/viewDidLoadPractice";
			};
			name = Release;
		};
		4F2089222570BED90007C00C /* Debug */ = {
			isa = XCBuildConfiguration;
			buildSettings = {
				ALWAYS_EMBED_SWIFT_STANDARD_LIBRARIES = YES;
				CODE_SIGN_STYLE = Automatic;
				DEVELOPMENT_TEAM = 6U2TAM5353;
				INFOPLIST_FILE = viewDidLoadPracticeUITests/Info.plist;
				LD_RUNPATH_SEARCH_PATHS = (
					"$(inherited)",
					"@executable_path/Frameworks",
					"@loader_path/Frameworks",
				);
				PRODUCT_BUNDLE_IDENTIFIER = com.krauserhuang.viewDidLoadPracticeUITests;
				PRODUCT_NAME = "$(TARGET_NAME)";
				SWIFT_VERSION = 5.0;
				TARGETED_DEVICE_FAMILY = "1,2";
				TEST_TARGET_NAME = viewDidLoadPractice;
			};
			name = Debug;
		};
		4F2089232570BED90007C00C /* Release */ = {
			isa = XCBuildConfiguration;
			buildSettings = {
				ALWAYS_EMBED_SWIFT_STANDARD_LIBRARIES = YES;
				CODE_SIGN_STYLE = Automatic;
				DEVELOPMENT_TEAM = 6U2TAM5353;
				INFOPLIST_FILE = viewDidLoadPracticeUITests/Info.plist;
				LD_RUNPATH_SEARCH_PATHS = (
					"$(inherited)",
					"@executable_path/Frameworks",
					"@loader_path/Frameworks",
				);
				PRODUCT_BUNDLE_IDENTIFIER = com.krauserhuang.viewDidLoadPracticeUITests;
				PRODUCT_NAME = "$(TARGET_NAME)";
				SWIFT_VERSION = 5.0;
				TARGETED_DEVICE_FAMILY = "1,2";
				TEST_TARGET_NAME = viewDidLoadPractice;
			};
			name = Release;
		};
/* End XCBuildConfiguration section */

/* Begin XCConfigurationList section */
		4F2088EC2570BED30007C00C /* Build configuration list for PBXProject "viewDidLoadPractice" */ = {
			isa = XCConfigurationList;
			buildConfigurations = (
				4F2089192570BED90007C00C /* Debug */,
				4F20891A2570BED90007C00C /* Release */,
			);
			defaultConfigurationIsVisible = 0;
			defaultConfigurationName = Release;
		};
		4F20891B2570BED90007C00C /* Build configuration list for PBXNativeTarget "viewDidLoadPractice" */ = {
			isa = XCConfigurationList;
			buildConfigurations = (
				4F20891C2570BED90007C00C /* Debug */,
				4F20891D2570BED90007C00C /* Release */,
			);
			defaultConfigurationIsVisible = 0;
			defaultConfigurationName = Release;
		};
		4F20891E2570BED90007C00C /* Build configuration list for PBXNativeTarget "viewDidLoadPracticeTests" */ = {
			isa = XCConfigurationList;
			buildConfigurations = (
				4F20891F2570BED90007C00C /* Debug */,
				4F2089202570BED90007C00C /* Release */,
			);
			defaultConfigurationIsVisible = 0;
			defaultConfigurationName = Release;
		};
		4F2089212570BED90007C00C /* Build configuration list for PBXNativeTarget "viewDidLoadPracticeUITests" */ = {
			isa = XCConfigurationList;
			buildConfigurations = (
				4F2089222570BED90007C00C /* Debug */,
				4F2089232570BED90007C00C /* Release */,
			);
			defaultConfigurationIsVisible = 0;
			defaultConfigurationName = Release;
		};
/* End XCConfigurationList section */
	};
	rootObject = 4F2088E92570BED30007C00C /* Project object */;
}
